
Microsoft Visual Studio Solution File, Format Version 12.00
# Visual Studio 2012
Project("{FAE04EC0-301F-11D3-BF4B-00C04F79EFBC}") = "CapaWebEmpleados", "CapaWebEmpleados\CapaWebEmpleados.csproj", "{9DB5EA7D-44E0-41CD-95A0-BA82610244DA}"
EndProject
Project("{FAE04EC0-301F-11D3-BF4B-00C04F79EFBC}") = "CapaLogicaEmpleados", "CapaLogicaEmpleados\CapaLogicaEmpleados.csproj", "{C8C7267B-CCF9-4BBC-B0E4-4494C5D9CCED}"
EndProject
Project("{FAE04EC0-301F-11D3-BF4B-00C04F79EFBC}") = "CapaDatosEmpleados", "CapaDatosEmpleados\CapaDatosEmpleados.csproj", "{80EF23F6-EFAC-43EC-ADF4-64F0FE8ACFF7}"
EndProject
Global
	GlobalSection(SolutionConfigurationPlatforms) = preSolution
		Debug|Any CPU = Debug|Any CPU
		Release|Any CPU = Release|Any CPU
	EndGlobalSection
	GlobalSection(ProjectConfigurationPlatforms) = postSolution
		{9DB5EA7D-44E0-41CD-95A0-BA82610244DA}.Debug|Any CPU.ActiveCfg = Debug|Any CPU
		{9DB5EA7D-44E0-41CD-95A0-BA82610244DA}.Debug|Any CPU.Build.0 = Debug|Any CPU
		{9DB5EA7D-44E0-41CD-95A0-BA82610244DA}.Release|Any CPU.ActiveCfg = Release|Any CPU
		{9DB5EA7D-44E0-41CD-95A0-BA82610244DA}.Release|Any CPU.Build.0 = Release|Any CPU
		{C8C7267B-CCF9-4BBC-B0E4-4494C5D9CCED}.Debug|Any CPU.ActiveCfg = Debug|Any CPU
		{C8C7267B-CCF9-4BBC-B0E4-4494C5D9CCED}.Debug|Any CPU.Build.0 = Debug|Any CPU
		{C8C7267B-CCF9-4BBC-B0E4-4494C5D9CCED}.Release|Any CPU.ActiveCfg = Release|Any CPU
		{C8C7267B-CCF9-4BBC-B0E4-4494C5D9CCED}.Release|Any CPU.Build.0 = Release|Any CPU
		{80EF23F6-EFAC-43EC-ADF4-64F0FE8ACFF7}.Debug|Any CPU.ActiveCfg = Debug|Any CPU
		{80EF23F6-EFAC-43EC-ADF4-64F0FE8ACFF7}.Debug|Any CPU.Build.0 = Debug|Any CPU
		{80EF23F6-EFAC-43EC-ADF4-64F0FE8ACFF7}.Release|Any CPU.ActiveCfg = Release|Any CPU
		{80EF23F6-EFAC-43EC-ADF4-64F0FE8ACFF7}.Release|Any CPU.Build.0 = Release|Any CPU
	EndGlobalSection
	GlobalSection(SolutionProperties) = preSolution
		HideSolutionNode = FALSE
	EndGlobalSection
EndGlobal
